
Microsoft Visual Studio Solution File, Format Version 12.00
# Visual Studio Version 17
VisualStudioVersion = 17.7.34221.43
MinimumVisualStudioVersion = 10.0.40219.1
Project("{FAE04EC0-301F-11D3-BF4B-00C04F79EFBC}") = "RestauranteUTC", "RestauranteUTC.csproj", "{4C2D7AF0-19F1-4B28-B0FC-FC5508CE35AB}"
EndProject
Global
	GlobalSection(SolutionConfigurationPlatforms) = preSolution
		Debug|Any CPU = Debug|Any CPU
		Release|Any CPU = Release|Any CPU
	EndGlobalSection
	GlobalSection(ProjectConfigurationPlatforms) = postSolution
		{4C2D7AF0-19F1-4B28-B0FC-FC5508CE35AB}.Debug|Any CPU.ActiveCfg = Debug|Any CPU
		{4C2D7AF0-19F1-4B28-B0FC-FC5508CE35AB}.Debug|Any CPU.Build.0 = Debug|Any CPU
		{4C2D7AF0-19F1-4B28-B0FC-FC5508CE35AB}.Release|Any CPU.ActiveCfg = Release|Any CPU
		{4C2D7AF0-19F1-4B28-B0FC-FC5508CE35AB}.Release|Any CPU.Build.0 = Release|Any CPU
	EndGlobalSection
	GlobalSection(SolutionProperties) = preSolution
		HideSolutionNode = FALSE
	EndGlobalSection
	GlobalSection(ExtensibilityGlobals) = postSolution
		SolutionGuid = {DC10F08B-E4EE-4E54-891E-92D995199B8A}
	EndGlobalSection
EndGlobal
